// !$*UTF8*$!
{
	archiveVersion = 1;
	classes = {
	};
	objectVersion = 56;
	objects = {

/* Begin PBXBuildFile section */
		BAE0933C29A3C08E009A15C2 /* FitFocusApp.swift in Sources */ = {isa = PBXBuildFile; fileRef = BAE0933B29A3C08E009A15C2 /* FitFocusApp.swift */; };
		BAE0933E29A3C08E009A15C2 /* LoginView.swift in Sources */ = {isa = PBXBuildFile; fileRef = BAE0933D29A3C08E009A15C2 /* LoginView.swift */; };
		BAE0934029A3C090009A15C2 /* Assets.xcassets in Resources */ = {isa = PBXBuildFile; fileRef = BAE0933F29A3C090009A15C2 /* Assets.xcassets */; };
		BAE0934329A3C090009A15C2 /* Preview Assets.xcassets in Resources */ = {isa = PBXBuildFile; fileRef = BAE0934229A3C090009A15C2 /* Preview Assets.xcassets */; };
		BAE0934D29A3C091009A15C2 /* FitFocusTests.swift in Sources */ = {isa = PBXBuildFile; fileRef = BAE0934C29A3C091009A15C2 /* FitFocusTests.swift */; };
		BAE0935729A3C091009A15C2 /* FitFocusUITests.swift in Sources */ = {isa = PBXBuildFile; fileRef = BAE0935629A3C091009A15C2 /* FitFocusUITests.swift */; };
		BAE0935929A3C091009A15C2 /* FitFocusUITestsLaunchTests.swift in Sources */ = {isa = PBXBuildFile; fileRef = BAE0935829A3C091009A15C2 /* FitFocusUITestsLaunchTests.swift */; };
		BAE0937D29A4C6CC009A15C2 /* CodeScanner in Frameworks */ = {isa = PBXBuildFile; productRef = BAE0937C29A4C6CC009A15C2 /* CodeScanner */; };
		BAE0937F29A740A1009A15C2 /* FitFocusApi.swift in Sources */ = {isa = PBXBuildFile; fileRef = BAE0937E29A740A1009A15C2 /* FitFocusApi.swift */; };
/* End PBXBuildFile section */

/* Begin PBXContainerItemProxy section */
		BAE0934929A3C090009A15C2 /* PBXContainerItemProxy */ = {
			isa = PBXContainerItemProxy;
			containerPortal = BAE0933029A3C08E009A15C2 /* Project object */;
			proxyType = 1;
			remoteGlobalIDString = BAE0933729A3C08E009A15C2;
			remoteInfo = FitFocus;
		};
		BAE0935329A3C091009A15C2 /* PBXContainerItemProxy */ = {
			isa = PBXContainerItemProxy;
			containerPortal = BAE0933029A3C08E009A15C2 /* Project object */;
			proxyType = 1;
			remoteGlobalIDString = BAE0933729A3C08E009A15C2;
			remoteInfo = FitFocus;
		};
/* End PBXContainerItemProxy section */

/* Begin PBXFileReference section */
		BAE0933829A3C08E009A15C2 /* FitFocus.app */ = {isa = PBXFileReference; explicitFileType = wrapper.application; includeInIndex = 0; path = FitFocus.app; sourceTree = BUILT_PRODUCTS_DIR; };
		BAE0933B29A3C08E009A15C2 /* FitFocusApp.swift */ = {isa = PBXFileReference; lastKnownFileType = sourcecode.swift; path = FitFocusApp.swift; sourceTree = "<group>"; };
		BAE0933D29A3C08E009A15C2 /* LoginView.swift */ = {isa = PBXFileReference; lastKnownFileType = sourcecode.swift; path = LoginView.swift; sourceTree = "<group>"; };
		BAE0933F29A3C090009A15C2 /* Assets.xcassets */ = {isa = PBXFileReference; lastKnownFileType = folder.assetcatalog; path = Assets.xcassets; sourceTree = "<group>"; };
		BAE0934229A3C090009A15C2 /* Preview Assets.xcassets */ = {isa = PBXFileReference; lastKnownFileType = folder.assetcatalog; path = "Preview Assets.xcassets"; sourceTree = "<group>"; };
		BAE0934829A3C090009A15C2 /* FitFocusTests.xctest */ = {isa = PBXFileReference; explicitFileType = wrapper.cfbundle; includeInIndex = 0; path = FitFocusTests.xctest; sourceTree = BUILT_PRODUCTS_DIR; };
		BAE0934C29A3C091009A15C2 /* FitFocusTests.swift */ = {isa = PBXFileReference; lastKnownFileType = sourcecode.swift; path = FitFocusTests.swift; sourceTree = "<group>"; };
		BAE0935229A3C091009A15C2 /* FitFocusUITests.xctest */ = {isa = PBXFileReference; explicitFileType = wrapper.cfbundle; includeInIndex = 0; path = FitFocusUITests.xctest; sourceTree = BUILT_PRODUCTS_DIR; };
		BAE0935629A3C091009A15C2 /* FitFocusUITests.swift */ = {isa = PBXFileReference; lastKnownFileType = sourcecode.swift; path = FitFocusUITests.swift; sourceTree = "<group>"; };
		BAE0935829A3C091009A15C2 /* FitFocusUITestsLaunchTests.swift */ = {isa = PBXFileReference; lastKnownFileType = sourcecode.swift; path = FitFocusUITestsLaunchTests.swift; sourceTree = "<group>"; };
		BAE0937E29A740A1009A15C2 /* FitFocusApi.swift */ = {isa = PBXFileReference; lastKnownFileType = sourcecode.swift; path = FitFocusApi.swift; sourceTree = "<group>"; };
/* End PBXFileReference section */

/* Begin PBXFrameworksBuildPhase section */
		BAE0933529A3C08E009A15C2 /* Frameworks */ = {
			isa = PBXFrameworksBuildPhase;
			buildActionMask = 2147483647;
			files = (
				BAE0937D29A4C6CC009A15C2 /* CodeScanner in Frameworks */,
			);
			runOnlyForDeploymentPostprocessing = 0;
		};
		BAE0934529A3C090009A15C2 /* Frameworks */ = {
			isa = PBXFrameworksBuildPhase;
			buildActionMask = 2147483647;
			files = (
			);
			runOnlyForDeploymentPostprocessing = 0;
		};
		BAE0934F29A3C091009A15C2 /* Frameworks */ = {
			isa = PBXFrameworksBuildPhase;
			buildActionMask = 2147483647;
			files = (
			);
			runOnlyForDeploymentPostprocessing = 0;
		};
/* End PBXFrameworksBuildPhase section */

/* Begin PBXGroup section */
		BAE0932F29A3C08E009A15C2 = {
			isa = PBXGroup;
			children = (
				BAE0933A29A3C08E009A15C2 /* FitFocus */,
				BAE0934B29A3C090009A15C2 /* FitFocusTests */,
				BAE0935529A3C091009A15C2 /* FitFocusUITests */,
				BAE0933929A3C08E009A15C2 /* Products */,
			);
			sourceTree = "<group>";
		};
		BAE0933929A3C08E009A15C2 /* Products */ = {
			isa = PBXGroup;
			children = (
				BAE0933829A3C08E009A15C2 /* FitFocus.app */,
				BAE0934829A3C090009A15C2 /* FitFocusTests.xctest */,
				BAE0935229A3C091009A15C2 /* FitFocusUITests.xctest */,
			);
			name = Products;
			sourceTree = "<group>";
		};
		BAE0933A29A3C08E009A15C2 /* FitFocus */ = {
			isa = PBXGroup;
			children = (
				BAE0936D29A4C11D009A15C2 /* Frameworks */,
				BAE0936629A4BE2A009A15C2 /* Models */,
				BAE0933B29A3C08E009A15C2 /* FitFocusApp.swift */,
				BAE0933D29A3C08E009A15C2 /* LoginView.swift */,
				BAE0933F29A3C090009A15C2 /* Assets.xcassets */,
				BAE0934129A3C090009A15C2 /* Preview Content */,
			);
			path = FitFocus;
			sourceTree = "<group>";
		};
		BAE0934129A3C090009A15C2 /* Preview Content */ = {
			isa = PBXGroup;
			children = (
				BAE0934229A3C090009A15C2 /* Preview Assets.xcassets */,
			);
			path = "Preview Content";
			sourceTree = "<group>";
		};
		BAE0934B29A3C090009A15C2 /* FitFocusTests */ = {
			isa = PBXGroup;
			children = (
				BAE0934C29A3C091009A15C2 /* FitFocusTests.swift */,
			);
			path = FitFocusTests;
			sourceTree = "<group>";
		};
		BAE0935529A3C091009A15C2 /* FitFocusUITests */ = {
			isa = PBXGroup;
			children = (
				BAE0935629A3C091009A15C2 /* FitFocusUITests.swift */,
				BAE0935829A3C091009A15C2 /* FitFocusUITestsLaunchTests.swift */,
			);
			path = FitFocusUITests;
			sourceTree = "<group>";
		};
		BAE0936629A4BE2A009A15C2 /* Models */ = {
			isa = PBXGroup;
			children = (
				BAE0937E29A740A1009A15C2 /* FitFocusApi.swift */,
			);
			path = Models;
			sourceTree = "<group>";
		};
		BAE0936D29A4C11D009A15C2 /* Frameworks */ = {
			isa = PBXGroup;
			children = (
			);
			path = Frameworks;
			sourceTree = "<group>";
		};
/* End PBXGroup section */

/* Begin PBXNativeTarget section */
		BAE0933729A3C08E009A15C2 /* FitFocus */ = {
			isa = PBXNativeTarget;
			buildConfigurationList = BAE0935C29A3C091009A15C2 /* Build configuration list for PBXNativeTarget "FitFocus" */;
			buildPhases = (
				BAE0933429A3C08E009A15C2 /* Sources */,
				BAE0933529A3C08E009A15C2 /* Frameworks */,
				BAE0933629A3C08E009A15C2 /* Resources */,
			);
			buildRules = (
			);
			dependencies = (
			);
			name = FitFocus;
			packageProductDependencies = (
				BAE0937C29A4C6CC009A15C2 /* CodeScanner */,
			);
			productName = FitFocus;
			productReference = BAE0933829A3C08E009A15C2 /* FitFocus.app */;
			productType = "com.apple.product-type.application";
		};
		BAE0934729A3C090009A15C2 /* FitFocusTests */ = {
			isa = PBXNativeTarget;
			buildConfigurationList = BAE0935F29A3C091009A15C2 /* Build configuration list for PBXNativeTarget "FitFocusTests" */;
			buildPhases = (
				BAE0934429A3C090009A15C2 /* Sources */,
				BAE0934529A3C090009A15C2 /* Frameworks */,
				BAE0934629A3C090009A15C2 /* Resources */,
			);
			buildRules = (
			);
			dependencies = (
				BAE0934A29A3C090009A15C2 /* PBXTargetDependency */,
			);
			name = FitFocusTests;
			productName = FitFocusTests;
			productReference = BAE0934829A3C090009A15C2 /* FitFocusTests.xctest */;
			productType = "com.apple.product-type.bundle.unit-test";
		};
		BAE0935129A3C091009A15C2 /* FitFocusUITests */ = {
			isa = PBXNativeTarget;
			buildConfigurationList = BAE0936229A3C091009A15C2 /* Build configuration list for PBXNativeTarget "FitFocusUITests" */;
			buildPhases = (
				BAE0934E29A3C091009A15C2 /* Sources */,
				BAE0934F29A3C091009A15C2 /* Frameworks */,
				BAE0935029A3C091009A15C2 /* Resources */,
			);
			buildRules = (
			);
			dependencies = (
				BAE0935429A3C091009A15C2 /* PBXTargetDependency */,
			);
			name = FitFocusUITests;
			productName = FitFocusUITests;
			productReference = BAE0935229A3C091009A15C2 /* FitFocusUITests.xctest */;
			productType = "com.apple.product-type.bundle.ui-testing";
		};
/* End PBXNativeTarget section */

/* Begin PBXProject section */
		BAE0933029A3C08E009A15C2 /* Project object */ = {
			isa = PBXProject;
			attributes = {
				BuildIndependentTargetsInParallel = 1;
				LastSwiftUpdateCheck = 1420;
				LastUpgradeCheck = 1420;
				TargetAttributes = {
					BAE0933729A3C08E009A15C2 = {
						CreatedOnToolsVersion = 14.2;
					};
					BAE0934729A3C090009A15C2 = {
						CreatedOnToolsVersion = 14.2;
						TestTargetID = BAE0933729A3C08E009A15C2;
					};
					BAE0935129A3C091009A15C2 = {
						CreatedOnToolsVersion = 14.2;
						TestTargetID = BAE0933729A3C08E009A15C2;
					};
				};
			};
			buildConfigurationList = BAE0933329A3C08E009A15C2 /* Build configuration list for PBXProject "FitFocus" */;
			compatibilityVersion = "Xcode 14.0";
			developmentRegion = en;
			hasScannedForEncodings = 0;
			knownRegions = (
				en,
				Base,
			);
			mainGroup = BAE0932F29A3C08E009A15C2;
			packageReferences = (
				BAE0937B29A4C6CC009A15C2 /* XCRemoteSwiftPackageReference "CodeScanner" */,
			);
			productRefGroup = BAE0933929A3C08E009A15C2 /* Products */;
			projectDirPath = "";
			projectRoot = "";
			targets = (
				BAE0933729A3C08E009A15C2 /* FitFocus */,
				BAE0934729A3C090009A15C2 /* FitFocusTests */,
				BAE0935129A3C091009A15C2 /* FitFocusUITests */,
			);
		};
/* End PBXProject section */

/* Begin PBXResourcesBuildPhase section */
		BAE0933629A3C08E009A15C2 /* Resources */ = {
			isa = PBXResourcesBuildPhase;
			buildActionMask = 2147483647;
			files = (
				BAE0934329A3C090009A15C2 /* Preview Assets.xcassets in Resources */,
				BAE0934029A3C090009A15C2 /* Assets.xcassets in Resources */,
			);
			runOnlyForDeploymentPostprocessing = 0;
		};
		BAE0934629A3C090009A15C2 /* Resources */ = {
			isa = PBXResourcesBuildPhase;
			buildActionMask = 2147483647;
			files = (
			);
			runOnlyForDeploymentPostprocessing = 0;
		};
		BAE0935029A3C091009A15C2 /* Resources */ = {
			isa = PBXResourcesBuildPhase;
			buildActionMask = 2147483647;
			files = (
			);
			runOnlyForDeploymentPostprocessing = 0;
		};
/* End PBXResourcesBuildPhase section */

/* Begin PBXSourcesBuildPhase section */
		BAE0933429A3C08E009A15C2 /* Sources */ = {
			isa = PBXSourcesBuildPhase;
			buildActionMask = 2147483647;
			files = (
				BAE0937F29A740A1009A15C2 /* FitFocusApi.swift in Sources */,
				BAE0933E29A3C08E009A15C2 /* LoginView.swift in Sources */,
				BAE0933C29A3C08E009A15C2 /* FitFocusApp.swift in Sources */,
			);
			runOnlyForDeploymentPostprocessing = 0;
		};
		BAE0934429A3C090009A15C2 /* Sources */ = {
			isa = PBXSourcesBuildPhase;
			buildActionMask = 2147483647;
			files = (
				BAE0934D29A3C091009A15C2 /* FitFocusTests.swift in Sources */,
			);
			runOnlyForDeploymentPostprocessing = 0;
		};
		BAE0934E29A3C091009A15C2 /* Sources */ = {
			isa = PBXSourcesBuildPhase;
			buildActionMask = 2147483647;
			files = (
				BAE0935929A3C091009A15C2 /* FitFocusUITestsLaunchTests.swift in Sources */,
				BAE0935729A3C091009A15C2 /* FitFocusUITests.swift in Sources */,
			);
			runOnlyForDeploymentPostprocessing = 0;
		};
/* End PBXSourcesBuildPhase section */

/* Begin PBXTargetDependency section */
		BAE0934A29A3C090009A15C2 /* PBXTargetDependency */ = {
			isa = PBXTargetDependency;
			target = BAE0933729A3C08E009A15C2 /* FitFocus */;
			targetProxy = BAE0934929A3C090009A15C2 /* PBXContainerItemProxy */;
		};
		BAE0935429A3C091009A15C2 /* PBXTargetDependency */ = {
			isa = PBXTargetDependency;
			target = BAE0933729A3C08E009A15C2 /* FitFocus */;
			targetProxy = BAE0935329A3C091009A15C2 /* PBXContainerItemProxy */;
		};
/* End PBXTargetDependency section */

/* Begin XCBuildConfiguration section */
		BAE0935A29A3C091009A15C2 /* Debug */ = {
			isa = XCBuildConfiguration;
			buildSettings = {
				ALWAYS_SEARCH_USER_PATHS = NO;
				CLANG_ANALYZER_NONNULL = YES;
				CLANG_ANALYZER_NUMBER_OBJECT_CONVERSION = YES_AGGRESSIVE;
				CLANG_CXX_LANGUAGE_STANDARD = "gnu++20";
				CLANG_ENABLE_MODULES = YES;
				CLANG_ENABLE_OBJC_ARC = YES;
				CLANG_ENABLE_OBJC_WEAK = YES;
				CLANG_WARN_BLOCK_CAPTURE_AUTORELEASING = YES;
				CLANG_WARN_BOOL_CONVERSION = YES;
				CLANG_WARN_COMMA = YES;
				CLANG_WARN_CONSTANT_CONVERSION = YES;
				CLANG_WARN_DEPRECATED_OBJC_IMPLEMENTATIONS = YES;
				CLANG_WARN_DIRECT_OBJC_ISA_USAGE = YES_ERROR;
				CLANG_WARN_DOCUMENTATION_COMMENTS = YES;
				CLANG_WARN_EMPTY_BODY = YES;
				CLANG_WARN_ENUM_CONVERSION = YES;
				CLANG_WARN_INFINITE_RECURSION = YES;
				CLANG_WARN_INT_CONVERSION = YES;
				CLANG_WARN_NON_LITERAL_NULL_CONVERSION = YES;
				CLANG_WARN_OBJC_IMPLICIT_RETAIN_SELF = YES;
				CLANG_WARN_OBJC_LITERAL_CONVERSION = YES;
				CLANG_WARN_OBJC_ROOT_CLASS = YES_ERROR;
				CLANG_WARN_QUOTED_INCLUDE_IN_FRAMEWORK_HEADER = YES;
				CLANG_WARN_RANGE_LOOP_ANALYSIS = YES;
				CLANG_WARN_STRICT_PROTOTYPES = YES;
				CLANG_WARN_SUSPICIOUS_MOVE = YES;
				CLANG_WARN_UNGUARDED_AVAILABILITY = YES_AGGRESSIVE;
				CLANG_WARN_UNREACHABLE_CODE = YES;
				CLANG_WARN__DUPLICATE_METHOD_MATCH = YES;
				COPY_PHASE_STRIP = NO;
				DEBUG_INFORMATION_FORMAT = dwarf;
				ENABLE_STRICT_OBJC_MSGSEND = YES;
				ENABLE_TESTABILITY = YES;
				GCC_C_LANGUAGE_STANDARD = gnu11;
				GCC_DYNAMIC_NO_PIC = NO;
				GCC_NO_COMMON_BLOCKS = YES;
				GCC_OPTIMIZATION_LEVEL = 0;
				GCC_PREPROCESSOR_DEFINITIONS = (
					"DEBUG=1",
					"$(inherited)",
				);
				GCC_WARN_64_TO_32_BIT_CONVERSION = YES;
				GCC_WARN_ABOUT_RETURN_TYPE = YES_ERROR;
				GCC_WARN_UNDECLARED_SELECTOR = YES;
				GCC_WARN_UNINITIALIZED_AUTOS = YES_AGGRESSIVE;
				GCC_WARN_UNUSED_FUNCTION = YES;
				GCC_WARN_UNUSED_VARIABLE = YES;
				IPHONEOS_DEPLOYMENT_TARGET = 16.2;
				MTL_ENABLE_DEBUG_INFO = INCLUDE_SOURCE;
				MTL_FAST_MATH = YES;
				ONLY_ACTIVE_ARCH = YES;
				SDKROOT = iphoneos;
				SWIFT_ACTIVE_COMPILATION_CONDITIONS = DEBUG;
				SWIFT_OPTIMIZATION_LEVEL = "-Onone";
			};
			name = Debug;
		};
		BAE0935B29A3C091009A15C2 /* Release */ = {
			isa = XCBuildConfiguration;
			buildSettings = {
				ALWAYS_SEARCH_USER_PATHS = NO;
				CLANG_ANALYZER_NONNULL = YES;
				CLANG_ANALYZER_NUMBER_OBJECT_CONVERSION = YES_AGGRESSIVE;
				CLANG_CXX_LANGUAGE_STANDARD = "gnu++20";
				CLANG_ENABLE_MODULES = YES;
				CLANG_ENABLE_OBJC_ARC = YES;
				CLANG_ENABLE_OBJC_WEAK = YES;
				CLANG_WARN_BLOCK_CAPTURE_AUTORELEASING = YES;
				CLANG_WARN_BOOL_CONVERSION = YES;
				CLANG_WARN_COMMA = YES;
				CLANG_WARN_CONSTANT_CONVERSION = YES;
				CLANG_WARN_DEPRECATED_OBJC_IMPLEMENTATIONS = YES;
				CLANG_WARN_DIRECT_OBJC_ISA_USAGE = YES_ERROR;
				CLANG_WARN_DOCUMENTATION_COMMENTS = YES;
				CLANG_WARN_EMPTY_BODY = YES;
				CLANG_WARN_ENUM_CONVERSION = YES;
				CLANG_WARN_INFINITE_RECURSION = YES;
				CLANG_WARN_INT_CONVERSION = YES;
				CLANG_WARN_NON_LITERAL_NULL_CONVERSION = YES;
				CLANG_WARN_OBJC_IMPLICIT_RETAIN_SELF = YES;
				CLANG_WARN_OBJC_LITERAL_CONVERSION = YES;
				CLANG_WARN_OBJC_ROOT_CLASS = YES_ERROR;
				CLANG_WARN_QUOTED_INCLUDE_IN_FRAMEWORK_HEADER = YES;
				CLANG_WARN_RANGE_LOOP_ANALYSIS = YES;
				CLANG_WARN_STRICT_PROTOTYPES = YES;
				CLANG_WARN_SUSPICIOUS_MOVE = YES;
				CLANG_WARN_UNGUARDED_AVAILABILITY = YES_AGGRESSIVE;
				CLANG_WARN_UNREACHABLE_CODE = YES;
				CLANG_WARN__DUPLICATE_METHOD_MATCH = YES;
				COPY_PHASE_STRIP = NO;
				DEBUG_INFORMATION_FORMAT = "dwarf-with-dsym";
				ENABLE_NS_ASSERTIONS = NO;
				ENABLE_STRICT_OBJC_MSGSEND = YES;
				GCC_C_LANGUAGE_STANDARD = gnu11;
				GCC_NO_COMMON_BLOCKS = YES;
				GCC_WARN_64_TO_32_BIT_CONVERSION = YES;
				GCC_WARN_ABOUT_RETURN_TYPE = YES_ERROR;
				GCC_WARN_UNDECLARED_SELECTOR = YES;
				GCC_WARN_UNINITIALIZED_AUTOS = YES_AGGRESSIVE;
				GCC_WARN_UNUSED_FUNCTION = YES;
				GCC_WARN_UNUSED_VARIABLE = YES;
				IPHONEOS_DEPLOYMENT_TARGET = 16.2;
				MTL_ENABLE_DEBUG_INFO = NO;
				MTL_FAST_MATH = YES;
				SDKROOT = iphoneos;
				SWIFT_COMPILATION_MODE = wholemodule;
				SWIFT_OPTIMIZATION_LEVEL = "-O";
				VALIDATE_PRODUCT = YES;
			};
			name = Release;
		};
		BAE0935D29A3C091009A15C2 /* Debug */ = {
			isa = XCBuildConfiguration;
			buildSettings = {
				ASSETCATALOG_COMPILER_APPICON_NAME = AppIcon;
				ASSETCATALOG_COMPILER_GLOBAL_ACCENT_COLOR_NAME = AccentColor;
				CODE_SIGN_STYLE = Automatic;
				CURRENT_PROJECT_VERSION = 1;
				DEVELOPMENT_ASSET_PATHS = "\"FitFocus/Preview Content\"";
				DEVELOPMENT_TEAM = 7929MPYPQ2;
				ENABLE_PREVIEWS = YES;
				GENERATE_INFOPLIST_FILE = YES;
				INFOPLIST_KEY_NSCameraUsageDescription = "We use your camera to scan QR codes";
				INFOPLIST_KEY_UIApplicationSceneManifest_Generation = YES;
				INFOPLIST_KEY_UIApplicationSupportsIndirectInputEvents = YES;
				INFOPLIST_KEY_UILaunchScreen_Generation = YES;
				INFOPLIST_KEY_UIRequiresFullScreen = YES;
				INFOPLIST_KEY_UISupportedInterfaceOrientations = UIInterfaceOrientationPortrait;
				INFOPLIST_KEY_UISupportedInterfaceOrientations_iPad = "UIInterfaceOrientationLandscapeLeft UIInterfaceOrientationLandscapeRight";
				LD_RUNPATH_SEARCH_PATHS = (
					"$(inherited)",
					"@executable_path/Frameworks",
				);
				MARKETING_VERSION = 1.0;
				PRODUCT_BUNDLE_IDENTIFIER = com.petchon.FitFocus;
				PRODUCT_NAME = "$(TARGET_NAME)";
				SWIFT_EMIT_LOC_STRINGS = YES;
				SWIFT_VERSION = 5.0;
				TARGETED_DEVICE_FAMILY = "1,2";
			};
			name = Debug;
		};
		BAE0935E29A3C091009A15C2 /* Release */ = {
			isa = XCBuildConfiguration;
			buildSettings = {
				ASSETCATALOG_COMPILER_APPICON_NAME = AppIcon;
				ASSETCATALOG_COMPILER_GLOBAL_ACCENT_COLOR_NAME = AccentColor;
				CODE_SIGN_STYLE = Automatic;
				CURRENT_PROJECT_VERSION = 1;
				DEVELOPMENT_ASSET_PATHS = "\"FitFocus/Preview Content\"";
				DEVELOPMENT_TEAM = 7929MPYPQ2;
				ENABLE_PREVIEWS = YES;
				GENERATE_INFOPLIST_FILE = YES;
				INFOPLIST_KEY_NSCameraUsageDescription = "We use your camera to scan QR codes";
				INFOPLIST_KEY_UIApplicationSceneManifest_Generation = YES;
				INFOPLIST_KEY_UIApplicationSupportsIndirectInputEvents = YES;
				INFOPLIST_KEY_UILaunchScreen_Generation = YES;
				INFOPLIST_KEY_UIRequiresFullScreen = YES;
				INFOPLIST_KEY_UISupportedInterfaceOrientations = UIInterfaceOrientationPortrait;
				INFOPLIST_KEY_UISupportedInterfaceOrientations_iPad = "UIInterfaceOrientationLandscapeLeft UIInterfaceOrientationLandscapeRight";
				LD_RUNPATH_SEARCH_PATHS = (
					"$(inherited)",
					"@executable_path/Frameworks",
				);
				MARKETING_VERSION = 1.0;
				PRODUCT_BUNDLE_IDENTIFIER = com.petchon.FitFocus;
				PRODUCT_NAME = "$(TARGET_NAME)";
				SWIFT_EMIT_LOC_STRINGS = YES;
				SWIFT_VERSION = 5.0;
				TARGETED_DEVICE_FAMILY = "1,2";
			};
			name = Release;
		};
		BAE0936029A3C091009A15C2 /* Debug */ = {
			isa = XCBuildConfiguration;
			buildSettings = {
				ALWAYS_EMBED_SWIFT_STANDARD_LIBRARIES = YES;
				BUNDLE_LOADER = "$(TEST_HOST)";
				CODE_SIGN_STYLE = Automatic;
				CURRENT_PROJECT_VERSION = 1;
				DEVELOPMENT_TEAM = 7929MPYPQ2;
				GENERATE_INFOPLIST_FILE = YES;
				IPHONEOS_DEPLOYMENT_TARGET = 16.2;
				MARKETING_VERSION = 1.0;
				PRODUCT_BUNDLE_IDENTIFIER = com.petchon.FitFocusTests;
				PRODUCT_NAME = "$(TARGET_NAME)";
				SWIFT_EMIT_LOC_STRINGS = NO;
				SWIFT_VERSION = 5.0;
				TARGETED_DEVICE_FAMILY = "1,2";
				TEST_HOST = "$(BUILT_PRODUCTS_DIR)/FitFocus.app/$(BUNDLE_EXECUTABLE_FOLDER_PATH)/FitFocus";
			};
			name = Debug;
		};
		BAE0936129A3C091009A15C2 /* Release */ = {
			isa = XCBuildConfiguration;
			buildSettings = {
				ALWAYS_EMBED_SWIFT_STANDARD_LIBRARIES = YES;
				BUNDLE_LOADER = "$(TEST_HOST)";
				CODE_SIGN_STYLE = Automatic;
				CURRENT_PROJECT_VERSION = 1;
				DEVELOPMENT_TEAM = 7929MPYPQ2;
				GENERATE_INFOPLIST_FILE = YES;
				IPHONEOS_DEPLOYMENT_TARGET = 16.2;
				MARKETING_VERSION = 1.0;
				PRODUCT_BUNDLE_IDENTIFIER = com.petchon.FitFocusTests;
				PRODUCT_NAME = "$(TARGET_NAME)";
				SWIFT_EMIT_LOC_STRINGS = NO;
				SWIFT_VERSION = 5.0;
				TARGETED_DEVICE_FAMILY = "1,2";
				TEST_HOST = "$(BUILT_PRODUCTS_DIR)/FitFocus.app/$(BUNDLE_EXECUTABLE_FOLDER_PATH)/FitFocus";
			};
			name = Release;
		};
		BAE0936329A3C091009A15C2 /* Debug */ = {
			isa = XCBuildConfiguration;
			buildSettings = {
				ALWAYS_EMBED_SWIFT_STANDARD_LIBRARIES = YES;
				CODE_SIGN_STYLE = Automatic;
				CURRENT_PROJECT_VERSION = 1;
				DEVELOPMENT_TEAM = 7929MPYPQ2;
				GENERATE_INFOPLIST_FILE = YES;
				MARKETING_VERSION = 1.0;
				PRODUCT_BUNDLE_IDENTIFIER = com.petchon.FitFocusUITests;
				PRODUCT_NAME = "$(TARGET_NAME)";
				SWIFT_EMIT_LOC_STRINGS = NO;
				SWIFT_VERSION = 5.0;
				TARGETED_DEVICE_FAMILY = "1,2";
				TEST_TARGET_NAME = FitFocus;
			};
			name = Debug;
		};
		BAE0936429A3C091009A15C2 /* Release */ = {
			isa = XCBuildConfiguration;
			buildSettings = {
				ALWAYS_EMBED_SWIFT_STANDARD_LIBRARIES = YES;
				CODE_SIGN_STYLE = Automatic;
				CURRENT_PROJECT_VERSION = 1;
				DEVELOPMENT_TEAM = 7929MPYPQ2;
				GENERATE_INFOPLIST_FILE = YES;
				MARKETING_VERSION = 1.0;
				PRODUCT_BUNDLE_IDENTIFIER = com.petchon.FitFocusUITests;
				PRODUCT_NAME = "$(TARGET_NAME)";
				SWIFT_EMIT_LOC_STRINGS = NO;
				SWIFT_VERSION = 5.0;
				TARGETED_DEVICE_FAMILY = "1,2";
				TEST_TARGET_NAME = FitFocus;
			};
			name = Release;
		};
/* End XCBuildConfiguration section */

/* Begin XCConfigurationList section */
		BAE0933329A3C08E009A15C2 /* Build configuration list for PBXProject "FitFocus" */ = {
			isa = XCConfigurationList;
			buildConfigurations = (
				BAE0935A29A3C091009A15C2 /* Debug */,
				BAE0935B29A3C091009A15C2 /* Release */,
			);
			defaultConfigurationIsVisible = 0;
			defaultConfigurationName = Release;
		};
		BAE0935C29A3C091009A15C2 /* Build configuration list for PBXNativeTarget "FitFocus" */ = {
			isa = XCConfigurationList;
			buildConfigurations = (
				BAE0935D29A3C091009A15C2 /* Debug */,
				BAE0935E29A3C091009A15C2 /* Release */,
			);
			defaultConfigurationIsVisible = 0;
			defaultConfigurationName = Release;
		};
		BAE0935F29A3C091009A15C2 /* Build configuration list for PBXNativeTarget "FitFocusTests" */ = {
			isa = XCConfigurationList;
			buildConfigurations = (
				BAE0936029A3C091009A15C2 /* Debug */,
				BAE0936129A3C091009A15C2 /* Release */,
			);
			defaultConfigurationIsVisible = 0;
			defaultConfigurationName = Release;
		};
		BAE0936229A3C091009A15C2 /* Build configuration list for PBXNativeTarget "FitFocusUITests" */ = {
			isa = XCConfigurationList;
			buildConfigurations = (
				BAE0936329A3C091009A15C2 /* Debug */,
				BAE0936429A3C091009A15C2 /* Release */,
			);
			defaultConfigurationIsVisible = 0;
			defaultConfigurationName = Release;
		};
/* End XCConfigurationList section */

/* Begin XCRemoteSwiftPackageReference section */
		BAE0937B29A4C6CC009A15C2 /* XCRemoteSwiftPackageReference "CodeScanner" */ = {
			isa = XCRemoteSwiftPackageReference;
			repositoryURL = "https://github.com/twostraws/CodeScanner";
			requirement = {
				kind = upToNextMajorVersion;
				minimumVersion = 2.0.0;
			};
		};
/* End XCRemoteSwiftPackageReference section */

/* Begin XCSwiftPackageProductDependency section */
		BAE0937C29A4C6CC009A15C2 /* CodeScanner */ = {
			isa = XCSwiftPackageProductDependency;
			package = BAE0937B29A4C6CC009A15C2 /* XCRemoteSwiftPackageReference "CodeScanner" */;
			productName = CodeScanner;
		};
/* End XCSwiftPackageProductDependency section */
	};
	rootObject = BAE0933029A3C08E009A15C2 /* Project object */;
}
